// !$*UTF8*$!
{
	archiveVersion = 1;
	classes = {
	};
	objectVersion = 50;
	objects = {

/* Begin PBXBuildFile section */
		E2CFE1EA24AF3FC400DD68AF /* AppDelegate.swift in Sources */ = {isa = PBXBuildFile; fileRef = E2CFE1E924AF3FC400DD68AF /* AppDelegate.swift */; };
		E2CFE1EC24AF3FC400DD68AF /* SceneDelegate.swift in Sources */ = {isa = PBXBuildFile; fileRef = E2CFE1EB24AF3FC400DD68AF /* SceneDelegate.swift */; };
		E2CFE1EE24AF3FC400DD68AF /* ViewController.swift in Sources */ = {isa = PBXBuildFile; fileRef = E2CFE1ED24AF3FC400DD68AF /* ViewController.swift */; };
		E2CFE1F324AF3FCA00DD68AF /* Assets.xcassets in Resources */ = {isa = PBXBuildFile; fileRef = E2CFE1F224AF3FCA00DD68AF /* Assets.xcassets */; };
		E2CFE1F624AF3FCA00DD68AF /* LaunchScreen.storyboard in Resources */ = {isa = PBXBuildFile; fileRef = E2CFE1F424AF3FCA00DD68AF /* LaunchScreen.storyboard */; };
		E2CFE20124AF3FCA00DD68AF /* CodingTest_InfosysTests.swift in Sources */ = {isa = PBXBuildFile; fileRef = E2CFE20024AF3FCA00DD68AF /* CodingTest_InfosysTests.swift */; };
		E2CFE20C24AF3FCA00DD68AF /* CodingTest_InfosysUITests.swift in Sources */ = {isa = PBXBuildFile; fileRef = E2CFE20B24AF3FCA00DD68AF /* CodingTest_InfosysUITests.swift */; };
/* End PBXBuildFile section */

/* Begin PBXContainerItemProxy section */
		E2CFE1FD24AF3FCA00DD68AF /* PBXContainerItemProxy */ = {
			isa = PBXContainerItemProxy;
			containerPortal = E2CFE1DE24AF3FC400DD68AF /* Project object */;
			proxyType = 1;
			remoteGlobalIDString = E2CFE1E524AF3FC400DD68AF;
			remoteInfo = CodingTest_Infosys;
		};
		E2CFE20824AF3FCA00DD68AF /* PBXContainerItemProxy */ = {
			isa = PBXContainerItemProxy;
			containerPortal = E2CFE1DE24AF3FC400DD68AF /* Project object */;
			proxyType = 1;
			remoteGlobalIDString = E2CFE1E524AF3FC400DD68AF;
			remoteInfo = CodingTest_Infosys;
		};
/* End PBXContainerItemProxy section */

/* Begin PBXFileReference section */
		E2CFE1E624AF3FC400DD68AF /* CodingTest_Infosys.app */ = {isa = PBXFileReference; explicitFileType = wrapper.application; includeInIndex = 0; path = CodingTest_Infosys.app; sourceTree = BUILT_PRODUCTS_DIR; };
		E2CFE1E924AF3FC400DD68AF /* AppDelegate.swift */ = {isa = PBXFileReference; lastKnownFileType = sourcecode.swift; path = AppDelegate.swift; sourceTree = "<group>"; };
		E2CFE1EB24AF3FC400DD68AF /* SceneDelegate.swift */ = {isa = PBXFileReference; lastKnownFileType = sourcecode.swift; path = SceneDelegate.swift; sourceTree = "<group>"; };
		E2CFE1ED24AF3FC400DD68AF /* ViewController.swift */ = {isa = PBXFileReference; lastKnownFileType = sourcecode.swift; path = ViewController.swift; sourceTree = "<group>"; };
		E2CFE1F224AF3FCA00DD68AF /* Assets.xcassets */ = {isa = PBXFileReference; lastKnownFileType = folder.assetcatalog; path = Assets.xcassets; sourceTree = "<group>"; };
		E2CFE1F524AF3FCA00DD68AF /* Base */ = {isa = PBXFileReference; lastKnownFileType = file.storyboard; name = Base; path = Base.lproj/LaunchScreen.storyboard; sourceTree = "<group>"; };
		E2CFE1F724AF3FCA00DD68AF /* Info.plist */ = {isa = PBXFileReference; lastKnownFileType = text.plist.xml; path = Info.plist; sourceTree = "<group>"; };
		E2CFE1FC24AF3FCA00DD68AF /* CodingTest_InfosysTests.xctest */ = {isa = PBXFileReference; explicitFileType = wrapper.cfbundle; includeInIndex = 0; path = CodingTest_InfosysTests.xctest; sourceTree = BUILT_PRODUCTS_DIR; };
		E2CFE20024AF3FCA00DD68AF /* CodingTest_InfosysTests.swift */ = {isa = PBXFileReference; lastKnownFileType = sourcecode.swift; path = CodingTest_InfosysTests.swift; sourceTree = "<group>"; };
		E2CFE20224AF3FCA00DD68AF /* Info.plist */ = {isa = PBXFileReference; lastKnownFileType = text.plist.xml; path = Info.plist; sourceTree = "<group>"; };
		E2CFE20724AF3FCA00DD68AF /* CodingTest_InfosysUITests.xctest */ = {isa = PBXFileReference; explicitFileType = wrapper.cfbundle; includeInIndex = 0; path = CodingTest_InfosysUITests.xctest; sourceTree = BUILT_PRODUCTS_DIR; };
		E2CFE20B24AF3FCA00DD68AF /* CodingTest_InfosysUITests.swift */ = {isa = PBXFileReference; lastKnownFileType = sourcecode.swift; path = CodingTest_InfosysUITests.swift; sourceTree = "<group>"; };
		E2CFE20D24AF3FCA00DD68AF /* Info.plist */ = {isa = PBXFileReference; lastKnownFileType = text.plist.xml; path = Info.plist; sourceTree = "<group>"; };
/* End PBXFileReference section */

/* Begin PBXFrameworksBuildPhase section */
		E2CFE1E324AF3FC400DD68AF /* Frameworks */ = {
			isa = PBXFrameworksBuildPhase;
			buildActionMask = 2147483647;
			files = (
			);
			runOnlyForDeploymentPostprocessing = 0;
		};
		E2CFE1F924AF3FCA00DD68AF /* Frameworks */ = {
			isa = PBXFrameworksBuildPhase;
			buildActionMask = 2147483647;
			files = (
			);
			runOnlyForDeploymentPostprocessing = 0;
		};
		E2CFE20424AF3FCA00DD68AF /* Frameworks */ = {
			isa = PBXFrameworksBuildPhase;
			buildActionMask = 2147483647;
			files = (
			);
			runOnlyForDeploymentPostprocessing = 0;
		};
/* End PBXFrameworksBuildPhase section */

/* Begin PBXGroup section */
		E2CFE1DD24AF3FC400DD68AF = {
			isa = PBXGroup;
			children = (
				E2CFE1E824AF3FC400DD68AF /* CodingTest_Infosys */,
				E2CFE1FF24AF3FCA00DD68AF /* CodingTest_InfosysTests */,
				E2CFE20A24AF3FCA00DD68AF /* CodingTest_InfosysUITests */,
				E2CFE1E724AF3FC400DD68AF /* Products */,
			);
			sourceTree = "<group>";
		};
		E2CFE1E724AF3FC400DD68AF /* Products */ = {
			isa = PBXGroup;
			children = (
				E2CFE1E624AF3FC400DD68AF /* CodingTest_Infosys.app */,
				E2CFE1FC24AF3FCA00DD68AF /* CodingTest_InfosysTests.xctest */,
				E2CFE20724AF3FCA00DD68AF /* CodingTest_InfosysUITests.xctest */,
			);
			name = Products;
			sourceTree = "<group>";
		};
		E2CFE1E824AF3FC400DD68AF /* CodingTest_Infosys */ = {
			isa = PBXGroup;
			children = (
				E2CFE1E924AF3FC400DD68AF /* AppDelegate.swift */,
				E2CFE1EB24AF3FC400DD68AF /* SceneDelegate.swift */,
				E2CFE1ED24AF3FC400DD68AF /* ViewController.swift */,
				E2CFE1F224AF3FCA00DD68AF /* Assets.xcassets */,
				E2CFE1F424AF3FCA00DD68AF /* LaunchScreen.storyboard */,
				E2CFE1F724AF3FCA00DD68AF /* Info.plist */,
			);
			path = CodingTest_Infosys;
			sourceTree = "<group>";
		};
		E2CFE1FF24AF3FCA00DD68AF /* CodingTest_InfosysTests */ = {
			isa = PBXGroup;
			children = (
				E2CFE20024AF3FCA00DD68AF /* CodingTest_InfosysTests.swift */,
				E2CFE20224AF3FCA00DD68AF /* Info.plist */,
			);
			path = CodingTest_InfosysTests;
			sourceTree = "<group>";
		};
		E2CFE20A24AF3FCA00DD68AF /* CodingTest_InfosysUITests */ = {
			isa = PBXGroup;
			children = (
				E2CFE20B24AF3FCA00DD68AF /* CodingTest_InfosysUITests.swift */,
				E2CFE20D24AF3FCA00DD68AF /* Info.plist */,
			);
			path = CodingTest_InfosysUITests;
			sourceTree = "<group>";
		};
/* End PBXGroup section */

/* Begin PBXNativeTarget section */
		E2CFE1E524AF3FC400DD68AF /* CodingTest_Infosys */ = {
			isa = PBXNativeTarget;
			buildConfigurationList = E2CFE21024AF3FCA00DD68AF /* Build configuration list for PBXNativeTarget "CodingTest_Infosys" */;
			buildPhases = (
				E2CFE1E224AF3FC400DD68AF /* Sources */,
				E2CFE1E324AF3FC400DD68AF /* Frameworks */,
				E2CFE1E424AF3FC400DD68AF /* Resources */,
			);
			buildRules = (
			);
			dependencies = (
			);
			name = CodingTest_Infosys;
			productName = CodingTest_Infosys;
			productReference = E2CFE1E624AF3FC400DD68AF /* CodingTest_Infosys.app */;
			productType = "com.apple.product-type.application";
		};
		E2CFE1FB24AF3FCA00DD68AF /* CodingTest_InfosysTests */ = {
			isa = PBXNativeTarget;
			buildConfigurationList = E2CFE21324AF3FCA00DD68AF /* Build configuration list for PBXNativeTarget "CodingTest_InfosysTests" */;
			buildPhases = (
				E2CFE1F824AF3FCA00DD68AF /* Sources */,
				E2CFE1F924AF3FCA00DD68AF /* Frameworks */,
				E2CFE1FA24AF3FCA00DD68AF /* Resources */,
			);
			buildRules = (
			);
			dependencies = (
				E2CFE1FE24AF3FCA00DD68AF /* PBXTargetDependency */,
			);
			name = CodingTest_InfosysTests;
			productName = CodingTest_InfosysTests;
			productReference = E2CFE1FC24AF3FCA00DD68AF /* CodingTest_InfosysTests.xctest */;
			productType = "com.apple.product-type.bundle.unit-test";
		};
		E2CFE20624AF3FCA00DD68AF /* CodingTest_InfosysUITests */ = {
			isa = PBXNativeTarget;
			buildConfigurationList = E2CFE21624AF3FCA00DD68AF /* Build configuration list for PBXNativeTarget "CodingTest_InfosysUITests" */;
			buildPhases = (
				E2CFE20324AF3FCA00DD68AF /* Sources */,
				E2CFE20424AF3FCA00DD68AF /* Frameworks */,
				E2CFE20524AF3FCA00DD68AF /* Resources */,
			);
			buildRules = (
			);
			dependencies = (
				E2CFE20924AF3FCA00DD68AF /* PBXTargetDependency */,
			);
			name = CodingTest_InfosysUITests;
			productName = CodingTest_InfosysUITests;
			productReference = E2CFE20724AF3FCA00DD68AF /* CodingTest_InfosysUITests.xctest */;
			productType = "com.apple.product-type.bundle.ui-testing";
		};
/* End PBXNativeTarget section */

/* Begin PBXProject section */
		E2CFE1DE24AF3FC400DD68AF /* Project object */ = {
			isa = PBXProject;
			attributes = {
				LastSwiftUpdateCheck = 1150;
				LastUpgradeCheck = 1150;
				ORGANIZATIONNAME = Niranjan;
				TargetAttributes = {
					E2CFE1E524AF3FC400DD68AF = {
						CreatedOnToolsVersion = 11.5;
					};
					E2CFE1FB24AF3FCA00DD68AF = {
						CreatedOnToolsVersion = 11.5;
						TestTargetID = E2CFE1E524AF3FC400DD68AF;
					};
					E2CFE20624AF3FCA00DD68AF = {
						CreatedOnToolsVersion = 11.5;
						TestTargetID = E2CFE1E524AF3FC400DD68AF;
					};
				};
			};
			buildConfigurationList = E2CFE1E124AF3FC400DD68AF /* Build configuration list for PBXProject "CodingTest_Infosys" */;
			compatibilityVersion = "Xcode 9.3";
			developmentRegion = en;
			hasScannedForEncodings = 0;
			knownRegions = (
				en,
				Base,
			);
			mainGroup = E2CFE1DD24AF3FC400DD68AF;
			productRefGroup = E2CFE1E724AF3FC400DD68AF /* Products */;
			projectDirPath = "";
			projectRoot = "";
			targets = (
				E2CFE1E524AF3FC400DD68AF /* CodingTest_Infosys */,
				E2CFE1FB24AF3FCA00DD68AF /* CodingTest_InfosysTests */,
				E2CFE20624AF3FCA00DD68AF /* CodingTest_InfosysUITests */,
			);
		};
/* End PBXProject section */

/* Begin PBXResourcesBuildPhase section */
		E2CFE1E424AF3FC400DD68AF /* Resources */ = {
			isa = PBXResourcesBuildPhase;
			buildActionMask = 2147483647;
			files = (
				E2CFE1F624AF3FCA00DD68AF /* LaunchScreen.storyboard in Resources */,
				E2CFE1F324AF3FCA00DD68AF /* Assets.xcassets in Resources */,
			);
			runOnlyForDeploymentPostprocessing = 0;
		};
		E2CFE1FA24AF3FCA00DD68AF /* Resources */ = {
			isa = PBXResourcesBuildPhase;
			buildActionMask = 2147483647;
			files = (
			);
			runOnlyForDeploymentPostprocessing = 0;
		};
		E2CFE20524AF3FCA00DD68AF /* Resources */ = {
			isa = PBXResourcesBuildPhase;
			buildActionMask = 2147483647;
			files = (
			);
			runOnlyForDeploymentPostprocessing = 0;
		};
/* End PBXResourcesBuildPhase section */

/* Begin PBXSourcesBuildPhase section */
		E2CFE1E224AF3FC400DD68AF /* Sources */ = {
			isa = PBXSourcesBuildPhase;
			buildActionMask = 2147483647;
			files = (
				E2CFE1EE24AF3FC400DD68AF /* ViewController.swift in Sources */,
				E2CFE1EA24AF3FC400DD68AF /* AppDelegate.swift in Sources */,
				E2CFE1EC24AF3FC400DD68AF /* SceneDelegate.swift in Sources */,
			);
			runOnlyForDeploymentPostprocessing = 0;
		};
		E2CFE1F824AF3FCA00DD68AF /* Sources */ = {
			isa = PBXSourcesBuildPhase;
			buildActionMask = 2147483647;
			files = (
				E2CFE20124AF3FCA00DD68AF /* CodingTest_InfosysTests.swift in Sources */,
			);
			runOnlyForDeploymentPostprocessing = 0;
		};
		E2CFE20324AF3FCA00DD68AF /* Sources */ = {
			isa = PBXSourcesBuildPhase;
			buildActionMask = 2147483647;
			files = (
				E2CFE20C24AF3FCA00DD68AF /* CodingTest_InfosysUITests.swift in Sources */,
			);
			runOnlyForDeploymentPostprocessing = 0;
		};
/* End PBXSourcesBuildPhase section */

/* Begin PBXTargetDependency section */
		E2CFE1FE24AF3FCA00DD68AF /* PBXTargetDependency */ = {
			isa = PBXTargetDependency;
			target = E2CFE1E524AF3FC400DD68AF /* CodingTest_Infosys */;
			targetProxy = E2CFE1FD24AF3FCA00DD68AF /* PBXContainerItemProxy */;
		};
		E2CFE20924AF3FCA00DD68AF /* PBXTargetDependency */ = {
			isa = PBXTargetDependency;
			target = E2CFE1E524AF3FC400DD68AF /* CodingTest_Infosys */;
			targetProxy = E2CFE20824AF3FCA00DD68AF /* PBXContainerItemProxy */;
		};
/* End PBXTargetDependency section */

/* Begin PBXVariantGroup section */
		E2CFE1F424AF3FCA00DD68AF /* LaunchScreen.storyboard */ = {
			isa = PBXVariantGroup;
			children = (
				E2CFE1F524AF3FCA00DD68AF /* Base */,
			);
			name = LaunchScreen.storyboard;
			sourceTree = "<group>";
		};
/* End PBXVariantGroup section */

/* Begin XCBuildConfiguration section */
		E2CFE20E24AF3FCA00DD68AF /* Debug */ = {
			isa = XCBuildConfiguration;
			buildSettings = {
				ALWAYS_SEARCH_USER_PATHS = NO;
				CLANG_ANALYZER_NONNULL = YES;
				CLANG_ANALYZER_NUMBER_OBJECT_CONVERSION = YES_AGGRESSIVE;
				CLANG_CXX_LANGUAGE_STANDARD = "gnu++14";
				CLANG_CXX_LIBRARY = "libc++";
				CLANG_ENABLE_MODULES = YES;
				CLANG_ENABLE_OBJC_ARC = YES;
				CLANG_ENABLE_OBJC_WEAK = YES;
				CLANG_WARN_BLOCK_CAPTURE_AUTORELEASING = YES;
				CLANG_WARN_BOOL_CONVERSION = YES;
				CLANG_WARN_COMMA = YES;
				CLANG_WARN_CONSTANT_CONVERSION = YES;
				CLANG_WARN_DEPRECATED_OBJC_IMPLEMENTATIONS = YES;
				CLANG_WARN_DIRECT_OBJC_ISA_USAGE = YES_ERROR;
				CLANG_WARN_DOCUMENTATION_COMMENTS = YES;
				CLANG_WARN_EMPTY_BODY = YES;
				CLANG_WARN_ENUM_CONVERSION = YES;
				CLANG_WARN_INFINITE_RECURSION = YES;
				CLANG_WARN_INT_CONVERSION = YES;
				CLANG_WARN_NON_LITERAL_NULL_CONVERSION = YES;
				CLANG_WARN_OBJC_IMPLICIT_RETAIN_SELF = YES;
				CLANG_WARN_OBJC_LITERAL_CONVERSION = YES;
				CLANG_WARN_OBJC_ROOT_CLASS = YES_ERROR;
				CLANG_WARN_RANGE_LOOP_ANALYSIS = YES;
				CLANG_WARN_STRICT_PROTOTYPES = YES;
				CLANG_WARN_SUSPICIOUS_MOVE = YES;
				CLANG_WARN_UNGUARDED_AVAILABILITY = YES_AGGRESSIVE;
				CLANG_WARN_UNREACHABLE_CODE = YES;
				CLANG_WARN__DUPLICATE_METHOD_MATCH = YES;
				COPY_PHASE_STRIP = NO;
				DEBUG_INFORMATION_FORMAT = dwarf;
				ENABLE_STRICT_OBJC_MSGSEND = YES;
				ENABLE_TESTABILITY = YES;
				GCC_C_LANGUAGE_STANDARD = gnu11;
				GCC_DYNAMIC_NO_PIC = NO;
				GCC_NO_COMMON_BLOCKS = YES;
				GCC_OPTIMIZATION_LEVEL = 0;
				GCC_PREPROCESSOR_DEFINITIONS = (
					"DEBUG=1",
					"$(inherited)",
				);
				GCC_WARN_64_TO_32_BIT_CONVERSION = YES;
				GCC_WARN_ABOUT_RETURN_TYPE = YES_ERROR;
				GCC_WARN_UNDECLARED_SELECTOR = YES;
				GCC_WARN_UNINITIALIZED_AUTOS = YES_AGGRESSIVE;
				GCC_WARN_UNUSED_FUNCTION = YES;
				GCC_WARN_UNUSED_VARIABLE = YES;
				IPHONEOS_DEPLOYMENT_TARGET = 13.5;
				MTL_ENABLE_DEBUG_INFO = INCLUDE_SOURCE;
				MTL_FAST_MATH = YES;
				ONLY_ACTIVE_ARCH = YES;
				SDKROOT = iphoneos;
				SWIFT_ACTIVE_COMPILATION_CONDITIONS = DEBUG;
				SWIFT_OPTIMIZATION_LEVEL = "-Onone";
			};
			name = Debug;
		};
		E2CFE20F24AF3FCA00DD68AF /* Release */ = {
			isa = XCBuildConfiguration;
			buildSettings = {
				ALWAYS_SEARCH_USER_PATHS = NO;
				CLANG_ANALYZER_NONNULL = YES;
				CLANG_ANALYZER_NUMBER_OBJECT_CONVERSION = YES_AGGRESSIVE;
				CLANG_CXX_LANGUAGE_STANDARD = "gnu++14";
				CLANG_CXX_LIBRARY = "libc++";
				CLANG_ENABLE_MODULES = YES;
				CLANG_ENABLE_OBJC_ARC = YES;
				CLANG_ENABLE_OBJC_WEAK = YES;
				CLANG_WARN_BLOCK_CAPTURE_AUTORELEASING = YES;
				CLANG_WARN_BOOL_CONVERSION = YES;
				CLANG_WARN_COMMA = YES;
				CLANG_WARN_CONSTANT_CONVERSION = YES;
				CLANG_WARN_DEPRECATED_OBJC_IMPLEMENTATIONS = YES;
				CLANG_WARN_DIRECT_OBJC_ISA_USAGE = YES_ERROR;
				CLANG_WARN_DOCUMENTATION_COMMENTS = YES;
				CLANG_WARN_EMPTY_BODY = YES;
				CLANG_WARN_ENUM_CONVERSION = YES;
				CLANG_WARN_INFINITE_RECURSION = YES;
				CLANG_WARN_INT_CONVERSION = YES;
				CLANG_WARN_NON_LITERAL_NULL_CONVERSION = YES;
				CLANG_WARN_OBJC_IMPLICIT_RETAIN_SELF = YES;
				CLANG_WARN_OBJC_LITERAL_CONVERSION = YES;
				CLANG_WARN_OBJC_ROOT_CLASS = YES_ERROR;
				CLANG_WARN_RANGE_LOOP_ANALYSIS = YES;
				CLANG_WARN_STRICT_PROTOTYPES = YES;
				CLANG_WARN_SUSPICIOUS_MOVE = YES;
				CLANG_WARN_UNGUARDED_AVAILABILITY = YES_AGGRESSIVE;
				CLANG_WARN_UNREACHABLE_CODE = YES;
				CLANG_WARN__DUPLICATE_METHOD_MATCH = YES;
				COPY_PHASE_STRIP = NO;
				DEBUG_INFORMATION_FORMAT = "dwarf-with-dsym";
				ENABLE_NS_ASSERTIONS = NO;
				ENABLE_STRICT_OBJC_MSGSEND = YES;
				GCC_C_LANGUAGE_STANDARD = gnu11;
				GCC_NO_COMMON_BLOCKS = YES;
				GCC_WARN_64_TO_32_BIT_CONVERSION = YES;
				GCC_WARN_ABOUT_RETURN_TYPE = YES_ERROR;
				GCC_WARN_UNDECLARED_SELECTOR = YES;
				GCC_WARN_UNINITIALIZED_AUTOS = YES_AGGRESSIVE;
				GCC_WARN_UNUSED_FUNCTION = YES;
				GCC_WARN_UNUSED_VARIABLE = YES;
				IPHONEOS_DEPLOYMENT_TARGET = 13.5;
				MTL_ENABLE_DEBUG_INFO = NO;
				MTL_FAST_MATH = YES;
				SDKROOT = iphoneos;
				SWIFT_COMPILATION_MODE = wholemodule;
				SWIFT_OPTIMIZATION_LEVEL = "-O";
				VALIDATE_PRODUCT = YES;
			};
			name = Release;
		};
		E2CFE21124AF3FCA00DD68AF /* Debug */ = {
			isa = XCBuildConfiguration;
			buildSettings = {
				ASSETCATALOG_COMPILER_APPICON_NAME = AppIcon;
				CODE_SIGN_STYLE = Automatic;
				INFOPLIST_FILE = CodingTest_Infosys/Info.plist;
				LD_RUNPATH_SEARCH_PATHS = (
					"$(inherited)",
					"@executable_path/Frameworks",
				);
				PRODUCT_BUNDLE_IDENTIFIER = "com.CodeChallenge.App.CodingTest-Infosys";
				PRODUCT_NAME = "$(TARGET_NAME)";
				SWIFT_VERSION = 5.0;
				TARGETED_DEVICE_FAMILY = "1,2";
			};
			name = Debug;
		};
		E2CFE21224AF3FCA00DD68AF /* Release */ = {
			isa = XCBuildConfiguration;
			buildSettings = {
				ASSETCATALOG_COMPILER_APPICON_NAME = AppIcon;
				CODE_SIGN_STYLE = Automatic;
				INFOPLIST_FILE = CodingTest_Infosys/Info.plist;
				LD_RUNPATH_SEARCH_PATHS = (
					"$(inherited)",
					"@executable_path/Frameworks",
				);
				PRODUCT_BUNDLE_IDENTIFIER = "com.CodeChallenge.App.CodingTest-Infosys";
				PRODUCT_NAME = "$(TARGET_NAME)";
				SWIFT_VERSION = 5.0;
				TARGETED_DEVICE_FAMILY = "1,2";
			};
			name = Release;
		};
		E2CFE21424AF3FCA00DD68AF /* Debug */ = {
			isa = XCBuildConfiguration;
			buildSettings = {
				ALWAYS_EMBED_SWIFT_STANDARD_LIBRARIES = YES;
				BUNDLE_LOADER = "$(TEST_HOST)";
				CODE_SIGN_STYLE = Automatic;
				INFOPLIST_FILE = CodingTest_InfosysTests/Info.plist;
				IPHONEOS_DEPLOYMENT_TARGET = 13.5;
				LD_RUNPATH_SEARCH_PATHS = (
					"$(inherited)",
					"@executable_path/Frameworks",
					"@loader_path/Frameworks",
				);
				PRODUCT_BUNDLE_IDENTIFIER = "com.CodeChallenge.App.CodingTest-InfosysTests";
				PRODUCT_NAME = "$(TARGET_NAME)";
				SWIFT_VERSION = 5.0;
				TARGETED_DEVICE_FAMILY = "1,2";
				TEST_HOST = "$(BUILT_PRODUCTS_DIR)/CodingTest_Infosys.app/CodingTest_Infosys";
			};
			name = Debug;
		};
		E2CFE21524AF3FCA00DD68AF /* Release */ = {
			isa = XCBuildConfiguration;
			buildSettings = {
				ALWAYS_EMBED_SWIFT_STANDARD_LIBRARIES = YES;
				BUNDLE_LOADER = "$(TEST_HOST)";
				CODE_SIGN_STYLE = Automatic;
				INFOPLIST_FILE = CodingTest_InfosysTests/Info.plist;
				IPHONEOS_DEPLOYMENT_TARGET = 13.5;
				LD_RUNPATH_SEARCH_PATHS = (
					"$(inherited)",
					"@executable_path/Frameworks",
					"@loader_path/Frameworks",
				);
				PRODUCT_BUNDLE_IDENTIFIER = "com.CodeChallenge.App.CodingTest-InfosysTests";
				PRODUCT_NAME = "$(TARGET_NAME)";
				SWIFT_VERSION = 5.0;
				TARGETED_DEVICE_FAMILY = "1,2";
				TEST_HOST = "$(BUILT_PRODUCTS_DIR)/CodingTest_Infosys.app/CodingTest_Infosys";
			};
			name = Release;
		};
		E2CFE21724AF3FCA00DD68AF /* Debug */ = {
			isa = XCBuildConfiguration;
			buildSettings = {
				ALWAYS_EMBED_SWIFT_STANDARD_LIBRARIES = YES;
				CODE_SIGN_STYLE = Automatic;
				INFOPLIST_FILE = CodingTest_InfosysUITests/Info.plist;
				LD_RUNPATH_SEARCH_PATHS = (
					"$(inherited)",
					"@executable_path/Frameworks",
					"@loader_path/Frameworks",
				);
				PRODUCT_BUNDLE_IDENTIFIER = "com.CodeChallenge.App.CodingTest-InfosysUITests";
				PRODUCT_NAME = "$(TARGET_NAME)";
				SWIFT_VERSION = 5.0;
				TARGETED_DEVICE_FAMILY = "1,2";
				TEST_TARGET_NAME = CodingTest_Infosys;
			};
			name = Debug;
		};
		E2CFE21824AF3FCA00DD68AF /* Release */ = {
			isa = XCBuildConfiguration;
			buildSettings = {
				ALWAYS_EMBED_SWIFT_STANDARD_LIBRARIES = YES;
				CODE_SIGN_STYLE = Automatic;
				INFOPLIST_FILE = CodingTest_InfosysUITests/Info.plist;
				LD_RUNPATH_SEARCH_PATHS = (
					"$(inherited)",
					"@executable_path/Frameworks",
					"@loader_path/Frameworks",
				);
				PRODUCT_BUNDLE_IDENTIFIER = "com.CodeChallenge.App.CodingTest-InfosysUITests";
				PRODUCT_NAME = "$(TARGET_NAME)";
				SWIFT_VERSION = 5.0;
				TARGETED_DEVICE_FAMILY = "1,2";
				TEST_TARGET_NAME = CodingTest_Infosys;
			};
			name = Release;
		};
/* End XCBuildConfiguration section */

/* Begin XCConfigurationList section */
		E2CFE1E124AF3FC400DD68AF /* Build configuration list for PBXProject "CodingTest_Infosys" */ = {
			isa = XCConfigurationList;
			buildConfigurations = (
				E2CFE20E24AF3FCA00DD68AF /* Debug */,
				E2CFE20F24AF3FCA00DD68AF /* Release */,
			);
			defaultConfigurationIsVisible = 0;
			defaultConfigurationName = Release;
		};
		E2CFE21024AF3FCA00DD68AF /* Build configuration list for PBXNativeTarget "CodingTest_Infosys" */ = {
			isa = XCConfigurationList;
			buildConfigurations = (
				E2CFE21124AF3FCA00DD68AF /* Debug */,
				E2CFE21224AF3FCA00DD68AF /* Release */,
			);
			defaultConfigurationIsVisible = 0;
			defaultConfigurationName = Release;
		};
		E2CFE21324AF3FCA00DD68AF /* Build configuration list for PBXNativeTarget "CodingTest_InfosysTests" */ = {
			isa = XCConfigurationList;
			buildConfigurations = (
				E2CFE21424AF3FCA00DD68AF /* Debug */,
				E2CFE21524AF3FCA00DD68AF /* Release */,
			);
			defaultConfigurationIsVisible = 0;
			defaultConfigurationName = Release;
		};
		E2CFE21624AF3FCA00DD68AF /* Build configuration list for PBXNativeTarget "CodingTest_InfosysUITests" */ = {
			isa = XCConfigurationList;
			buildConfigurations = (
				E2CFE21724AF3FCA00DD68AF /* Debug */,
				E2CFE21824AF3FCA00DD68AF /* Release */,
			);
			defaultConfigurationIsVisible = 0;
			defaultConfigurationName = Release;
		};
/* End XCConfigurationList section */
	};
	rootObject = E2CFE1DE24AF3FC400DD68AF /* Project object */;
}
