PODS:
  - Masonry (1.1.0)
  - SwiftLint (0.37.0)

DEPENDENCIES:
  - Masonry
  - SwiftLint (= 0.37.0)

SPEC REPOS:
  trunk:
    - Masonry
    - SwiftLint

SPEC CHECKSUMS:
  Masonry: 678fab65091a9290e40e2832a55e7ab731aad201
  SwiftLint: c078a14d7d7ade75e5507795d185e3da41d844d2

PODFILE CHECKSUM: aabeae066dcf18c3348225c96b1e5ab68bc4c3e9

COCOAPODS: 1.9.3
